
Microsoft Visual Studio Solution File, Format Version 12.00
# Visual Studio 15
Project("{FAE04EC0-301F-11D3-BF4B-00C04F79EFBC}") = "UnityEngine.TestRunner", "UnityEngine.TestRunner.csproj", "{4B498214-FB1A-C938-34EB-0E943D0ABE2F}"
EndProject
Project("{FAE04EC0-301F-11D3-BF4B-00C04F79EFBC}") = "Unity.Mathematics", "Unity.Mathematics.csproj", "{F18D9509-CC7F-C868-F2F9-E48E7E281143}"
EndProject
Project("{FAE04EC0-301F-11D3-BF4B-00C04F79EFBC}") = "Unity.2D.Animation.Triangle.Runtime", "Unity.2D.Animation.Triangle.Runtime.csproj", "{C610C1A7-C0E8-08EA-E552-FD03FBA5CFE1}"
EndProject
Project("{FAE04EC0-301F-11D3-BF4B-00C04F79EFBC}") = "Unity.Timeline", "Unity.Timeline.csproj", "{47581E44-9A40-6183-A9B3-FC4BD6FE024A}"
EndProject
Project("{FAE04EC0-301F-11D3-BF4B-00C04F79EFBC}") = "UnityEngine.UI", "UnityEngine.UI.csproj", "{B08A21BC-77F2-2ECC-EF19-AC4D19A71484}"
EndProject
Project("{FAE04EC0-301F-11D3-BF4B-00C04F79EFBC}") = "Unity.TextMeshPro", "Unity.TextMeshPro.csproj", "{B30A8DCF-8EDF-F0A5-D117-6C26556B9404}"
EndProject
Project("{FAE04EC0-301F-11D3-BF4B-00C04F79EFBC}") = "Unity.2D.Animation.Runtime", "Unity.2D.Animation.Runtime.csproj", "{DDC66ACE-1F7F-E8E4-D0CF-AD01309B955C}"
EndProject
Project("{FAE04EC0-301F-11D3-BF4B-00C04F79EFBC}") = "Unity.2D.IK.Runtime", "Unity.2D.IK.Runtime.csproj", "{DEAD39AC-2F37-40A6-E0E5-E71C7AAFC0C6}"
EndProject
Project("{FAE04EC0-301F-11D3-BF4B-00C04F79EFBC}") = "Unity.2D.SpriteShape.Runtime", "Unity.2D.SpriteShape.Runtime.csproj", "{AF6D856E-172A-9E9B-2EAD-A12779C56EDD}"
EndProject
Project("{FAE04EC0-301F-11D3-BF4B-00C04F79EFBC}") = "Unity.2D.PixelPerfect", "Unity.2D.PixelPerfect.csproj", "{E15024DF-B09F-791F-FC0B-5F00FA9BED93}"
EndProject
Project("{FAE04EC0-301F-11D3-BF4B-00C04F79EFBC}") = "Assembly-CSharp", "Assembly-CSharp.csproj", "{362D3C14-DD78-9814-DCCF-F828CCD82F54}"
EndProject
Project("{FAE04EC0-301F-11D3-BF4B-00C04F79EFBC}") = "Unity.2D.Common.Runtime", "Unity.2D.Common.Runtime.csproj", "{09FAA544-8092-E890-52CB-56ECC624D219}"
EndProject
Project("{FAE04EC0-301F-11D3-BF4B-00C04F79EFBC}") = "Unity.InternalAPIEngineBridge.001", "Unity.InternalAPIEngineBridge.001.csproj", "{4FC87572-800F-4C9D-FD13-AD890878E700}"
EndProject
Project("{FAE04EC0-301F-11D3-BF4B-00C04F79EFBC}") = "UnityEditor.TestRunner", "UnityEditor.TestRunner.csproj", "{40E4F54B-CD6D-0CBE-2A69-507C4973FE05}"
EndProject
Project("{FAE04EC0-301F-11D3-BF4B-00C04F79EFBC}") = "Unity.PlasticSCM.Editor", "Unity.PlasticSCM.Editor.csproj", "{91EBCD0B-544F-0FDA-88EB-50201912FC2C}"
EndProject
Project("{FAE04EC0-301F-11D3-BF4B-00C04F79EFBC}") = "UnityEditor.UI", "UnityEditor.UI.csproj", "{8429C45F-E4A3-E413-348C-D48C8BFC980E}"
EndProject
Project("{FAE04EC0-301F-11D3-BF4B-00C04F79EFBC}") = "Unity.Timeline.Editor", "Unity.Timeline.Editor.csproj", "{6E34FF0E-11EA-5F64-F441-5E27A88713C1}"
EndProject
Project("{FAE04EC0-301F-11D3-BF4B-00C04F79EFBC}") = "Unity.VisualStudio.Editor", "Unity.VisualStudio.Editor.csproj", "{F3EE486B-B50D-D75E-E348-AC4D16E23570}"
EndProject
Project("{FAE04EC0-301F-11D3-BF4B-00C04F79EFBC}") = "Unity.2D.Psdimporter.Editor", "Unity.2D.Psdimporter.Editor.csproj", "{7596C3A6-C09B-E67F-3FF3-B07AD209294A}"
EndProject
Project("{FAE04EC0-301F-11D3-BF4B-00C04F79EFBC}") = "Unity.2D.Animation.Editor", "Unity.2D.Animation.Editor.csproj", "{0958834A-48E8-3DEC-E98F-283F5D54174C}"
EndProject
Project("{FAE04EC0-301F-11D3-BF4B-00C04F79EFBC}") = "Unity.TextMeshPro.Editor", "Unity.TextMeshPro.Editor.csproj", "{39B9D502-6E4A-B790-DB74-78DE7DC2CFBE}"
EndProject
Project("{FAE04EC0-301F-11D3-BF4B-00C04F79EFBC}") = "Unity.2D.SpriteShape.Editor", "Unity.2D.SpriteShape.Editor.csproj", "{30A0D748-E489-24E5-165C-3D3D765704FE}"
EndProject
Project("{FAE04EC0-301F-11D3-BF4B-00C04F79EFBC}") = "Unity.CollabProxy.Editor", "Unity.CollabProxy.Editor.csproj", "{B9776C4C-DEB7-DC0D-F117-7A4675AC5519}"
EndProject
Project("{FAE04EC0-301F-11D3-BF4B-00C04F79EFBC}") = "PsdPlugin", "PsdPlugin.csproj", "{D3D6BD1C-41CB-E8F6-BC4A-923ECF9807D8}"
EndProject
Project("{FAE04EC0-301F-11D3-BF4B-00C04F79EFBC}") = "Unity.2D.Path.Editor", "Unity.2D.Path.Editor.csproj", "{79486A35-F2E6-F875-DCD7-600A0D142F71}"
EndProject
Project("{FAE04EC0-301F-11D3-BF4B-00C04F79EFBC}") = "Unity.Rider.Editor", "Unity.Rider.Editor.csproj", "{0D581653-A3F8-8FD7-CE3B-933B95BA9B02}"
EndProject
Project("{FAE04EC0-301F-11D3-BF4B-00C04F79EFBC}") = "Unity.2D.IK.Editor", "Unity.2D.IK.Editor.csproj", "{91A13B09-DE87-478B-D24A-35910920045C}"
EndProject
Project("{FAE04EC0-301F-11D3-BF4B-00C04F79EFBC}") = "Unity.2D.Sprite.Editor", "Unity.2D.Sprite.Editor.csproj", "{BE249708-B9D0-A463-F040-A15AB683EB27}"
EndProject
Project("{FAE04EC0-301F-11D3-BF4B-00C04F79EFBC}") = "Unity.2D.Tilemap.Editor", "Unity.2D.Tilemap.Editor.csproj", "{0C1B5F51-5A5C-4C5B-085C-DB19EAA75B47}"
EndProject
Project("{FAE04EC0-301F-11D3-BF4B-00C04F79EFBC}") = "Unity.2D.PixelPerfect.Editor", "Unity.2D.PixelPerfect.Editor.csproj", "{0CD989F0-3E24-08E8-E694-FE6109490745}"
EndProject
Project("{FAE04EC0-301F-11D3-BF4B-00C04F79EFBC}") = "Unity.VSCode.Editor", "Unity.VSCode.Editor.csproj", "{83FDBBF4-2C61-0CF3-851D-13741FB9C9EA}"
EndProject
Project("{FAE04EC0-301F-11D3-BF4B-00C04F79EFBC}") = "Unity.2D.Common.Editor", "Unity.2D.Common.Editor.csproj", "{6900ED16-3D3C-71BF-E442-F54BDAA3D58A}"
EndProject
Project("{FAE04EC0-301F-11D3-BF4B-00C04F79EFBC}") = "Unity.Mathematics.Editor", "Unity.Mathematics.Editor.csproj", "{B3E06FAF-5386-11C9-C867-A432937C00F2}"
EndProject
Project("{FAE04EC0-301F-11D3-BF4B-00C04F79EFBC}") = "Unity.InternalAPIEditorBridge.001", "Unity.InternalAPIEditorBridge.001.csproj", "{75A2D5F1-ED93-50D3-3CA8-C3A5FEF7ECF5}"
EndProject
Global
	GlobalSection(SolutionConfigurationPlatforms) = preSolution
		Debug|Any CPU = Debug|Any CPU
		Release|Any CPU = Release|Any CPU
	EndGlobalSection
	GlobalSection(ProjectConfigurationPlatforms) = postSolution
		{4B498214-FB1A-C938-34EB-0E943D0ABE2F}.Debug|Any CPU.ActiveCfg = Debug|Any CPU
		{4B498214-FB1A-C938-34EB-0E943D0ABE2F}.Debug|Any CPU.Build.0 = Debug|Any CPU
		{4B498214-FB1A-C938-34EB-0E943D0ABE2F}.Release|Any CPU.ActiveCfg = Release|Any CPU
		{4B498214-FB1A-C938-34EB-0E943D0ABE2F}.Release|Any CPU.Build.0 = Release|Any CPU
		{F18D9509-CC7F-C868-F2F9-E48E7E281143}.Debug|Any CPU.ActiveCfg = Debug|Any CPU
		{F18D9509-CC7F-C868-F2F9-E48E7E281143}.Debug|Any CPU.Build.0 = Debug|Any CPU
		{F18D9509-CC7F-C868-F2F9-E48E7E281143}.Release|Any CPU.ActiveCfg = Release|Any CPU
		{F18D9509-CC7F-C868-F2F9-E48E7E281143}.Release|Any CPU.Build.0 = Release|Any CPU
		{C610C1A7-C0E8-08EA-E552-FD03FBA5CFE1}.Debug|Any CPU.ActiveCfg = Debug|Any CPU
		{C610C1A7-C0E8-08EA-E552-FD03FBA5CFE1}.Debug|Any CPU.Build.0 = Debug|Any CPU
		{C610C1A7-C0E8-08EA-E552-FD03FBA5CFE1}.Release|Any CPU.ActiveCfg = Release|Any CPU
		{C610C1A7-C0E8-08EA-E552-FD03FBA5CFE1}.Release|Any CPU.Build.0 = Release|Any CPU
		{47581E44-9A40-6183-A9B3-FC4BD6FE024A}.Debug|Any CPU.ActiveCfg = Debug|Any CPU
		{47581E44-9A40-6183-A9B3-FC4BD6FE024A}.Debug|Any CPU.Build.0 = Debug|Any CPU
		{47581E44-9A40-6183-A9B3-FC4BD6FE024A}.Release|Any CPU.ActiveCfg = Release|Any CPU
		{47581E44-9A40-6183-A9B3-FC4BD6FE024A}.Release|Any CPU.Build.0 = Release|Any CPU
		{B08A21BC-77F2-2ECC-EF19-AC4D19A71484}.Debug|Any CPU.ActiveCfg = Debug|Any CPU
		{B08A21BC-77F2-2ECC-EF19-AC4D19A71484}.Debug|Any CPU.Build.0 = Debug|Any CPU
		{B08A21BC-77F2-2ECC-EF19-AC4D19A71484}.Release|Any CPU.ActiveCfg = Release|Any CPU
		{B08A21BC-77F2-2ECC-EF19-AC4D19A71484}.Release|Any CPU.Build.0 = Release|Any CPU
		{B30A8DCF-8EDF-F0A5-D117-6C26556B9404}.Debug|Any CPU.ActiveCfg = Debug|Any CPU
		{B30A8DCF-8EDF-F0A5-D117-6C26556B9404}.Debug|Any CPU.Build.0 = Debug|Any CPU
		{B30A8DCF-8EDF-F0A5-D117-6C26556B9404}.Release|Any CPU.ActiveCfg = Release|Any CPU
		{B30A8DCF-8EDF-F0A5-D117-6C26556B9404}.Release|Any CPU.Build.0 = Release|Any CPU
		{DDC66ACE-1F7F-E8E4-D0CF-AD01309B955C}.Debug|Any CPU.ActiveCfg = Debug|Any CPU
		{DDC66ACE-1F7F-E8E4-D0CF-AD01309B955C}.Debug|Any CPU.Build.0 = Debug|Any CPU
		{DDC66ACE-1F7F-E8E4-D0CF-AD01309B955C}.Release|Any CPU.ActiveCfg = Release|Any CPU
		{DDC66ACE-1F7F-E8E4-D0CF-AD01309B955C}.Release|Any CPU.Build.0 = Release|Any CPU
		{DEAD39AC-2F37-40A6-E0E5-E71C7AAFC0C6}.Debug|Any CPU.ActiveCfg = Debug|Any CPU
		{DEAD39AC-2F37-40A6-E0E5-E71C7AAFC0C6}.Debug|Any CPU.Build.0 = Debug|Any CPU
		{DEAD39AC-2F37-40A6-E0E5-E71C7AAFC0C6}.Release|Any CPU.ActiveCfg = Release|Any CPU
		{DEAD39AC-2F37-40A6-E0E5-E71C7AAFC0C6}.Release|Any CPU.Build.0 = Release|Any CPU
		{AF6D856E-172A-9E9B-2EAD-A12779C56EDD}.Debug|Any CPU.ActiveCfg = Debug|Any CPU
		{AF6D856E-172A-9E9B-2EAD-A12779C56EDD}.Debug|Any CPU.Build.0 = Debug|Any CPU
		{AF6D856E-172A-9E9B-2EAD-A12779C56EDD}.Release|Any CPU.ActiveCfg = Release|Any CPU
		{AF6D856E-172A-9E9B-2EAD-A12779C56EDD}.Release|Any CPU.Build.0 = Release|Any CPU
		{E15024DF-B09F-791F-FC0B-5F00FA9BED93}.Debug|Any CPU.ActiveCfg = Debug|Any CPU
		{E15024DF-B09F-791F-FC0B-5F00FA9BED93}.Debug|Any CPU.Build.0 = Debug|Any CPU
		{E15024DF-B09F-791F-FC0B-5F00FA9BED93}.Release|Any CPU.ActiveCfg = Release|Any CPU
		{E15024DF-B09F-791F-FC0B-5F00FA9BED93}.Release|Any CPU.Build.0 = Release|Any CPU
		{362D3C14-DD78-9814-DCCF-F828CCD82F54}.Debug|Any CPU.ActiveCfg = Debug|Any CPU
		{362D3C14-DD78-9814-DCCF-F828CCD82F54}.Debug|Any CPU.Build.0 = Debug|Any CPU
		{362D3C14-DD78-9814-DCCF-F828CCD82F54}.Release|Any CPU.ActiveCfg = Release|Any CPU
		{362D3C14-DD78-9814-DCCF-F828CCD82F54}.Release|Any CPU.Build.0 = Release|Any CPU
		{09FAA544-8092-E890-52CB-56ECC624D219}.Debug|Any CPU.ActiveCfg = Debug|Any CPU
		{09FAA544-8092-E890-52CB-56ECC624D219}.Debug|Any CPU.Build.0 = Debug|Any CPU
		{09FAA544-8092-E890-52CB-56ECC624D219}.Release|Any CPU.ActiveCfg = Release|Any CPU
		{09FAA544-8092-E890-52CB-56ECC624D219}.Release|Any CPU.Build.0 = Release|Any CPU
		{4FC87572-800F-4C9D-FD13-AD890878E700}.Debug|Any CPU.ActiveCfg = Debug|Any CPU
		{4FC87572-800F-4C9D-FD13-AD890878E700}.Debug|Any CPU.Build.0 = Debug|Any CPU
		{4FC87572-800F-4C9D-FD13-AD890878E700}.Release|Any CPU.ActiveCfg = Release|Any CPU
		{4FC87572-800F-4C9D-FD13-AD890878E700}.Release|Any CPU.Build.0 = Release|Any CPU
		{40E4F54B-CD6D-0CBE-2A69-507C4973FE05}.Debug|Any CPU.ActiveCfg = Debug|Any CPU
		{40E4F54B-CD6D-0CBE-2A69-507C4973FE05}.Debug|Any CPU.Build.0 = Debug|Any CPU
		{40E4F54B-CD6D-0CBE-2A69-507C4973FE05}.Release|Any CPU.ActiveCfg = Release|Any CPU
		{40E4F54B-CD6D-0CBE-2A69-507C4973FE05}.Release|Any CPU.Build.0 = Release|Any CPU
		{91EBCD0B-544F-0FDA-88EB-50201912FC2C}.Debug|Any CPU.ActiveCfg = Debug|Any CPU
		{91EBCD0B-544F-0FDA-88EB-50201912FC2C}.Debug|Any CPU.Build.0 = Debug|Any CPU
		{91EBCD0B-544F-0FDA-88EB-50201912FC2C}.Release|Any CPU.ActiveCfg = Release|Any CPU
		{91EBCD0B-544F-0FDA-88EB-50201912FC2C}.Release|Any CPU.Build.0 = Release|Any CPU
		{8429C45F-E4A3-E413-348C-D48C8BFC980E}.Debug|Any CPU.ActiveCfg = Debug|Any CPU
		{8429C45F-E4A3-E413-348C-D48C8BFC980E}.Debug|Any CPU.Build.0 = Debug|Any CPU
		{8429C45F-E4A3-E413-348C-D48C8BFC980E}.Release|Any CPU.ActiveCfg = Release|Any CPU
		{8429C45F-E4A3-E413-348C-D48C8BFC980E}.Release|Any CPU.Build.0 = Release|Any CPU
		{6E34FF0E-11EA-5F64-F441-5E27A88713C1}.Debug|Any CPU.ActiveCfg = Debug|Any CPU
		{6E34FF0E-11EA-5F64-F441-5E27A88713C1}.Debug|Any CPU.Build.0 = Debug|Any CPU
		{6E34FF0E-11EA-5F64-F441-5E27A88713C1}.Release|Any CPU.ActiveCfg = Release|Any CPU
		{6E34FF0E-11EA-5F64-F441-5E27A88713C1}.Release|Any CPU.Build.0 = Release|Any CPU
		{F3EE486B-B50D-D75E-E348-AC4D16E23570}.Debug|Any CPU.ActiveCfg = Debug|Any CPU
		{F3EE486B-B50D-D75E-E348-AC4D16E23570}.Debug|Any CPU.Build.0 = Debug|Any CPU
		{F3EE486B-B50D-D75E-E348-AC4D16E23570}.Release|Any CPU.ActiveCfg = Release|Any CPU
		{F3EE486B-B50D-D75E-E348-AC4D16E23570}.Release|Any CPU.Build.0 = Release|Any CPU
		{7596C3A6-C09B-E67F-3FF3-B07AD209294A}.Debug|Any CPU.ActiveCfg = Debug|Any CPU
		{7596C3A6-C09B-E67F-3FF3-B07AD209294A}.Debug|Any CPU.Build.0 = Debug|Any CPU
		{7596C3A6-C09B-E67F-3FF3-B07AD209294A}.Release|Any CPU.ActiveCfg = Release|Any CPU
		{7596C3A6-C09B-E67F-3FF3-B07AD209294A}.Release|Any CPU.Build.0 = Release|Any CPU
		{0958834A-48E8-3DEC-E98F-283F5D54174C}.Debug|Any CPU.ActiveCfg = Debug|Any CPU
		{0958834A-48E8-3DEC-E98F-283F5D54174C}.Debug|Any CPU.Build.0 = Debug|Any CPU
		{0958834A-48E8-3DEC-E98F-283F5D54174C}.Release|Any CPU.ActiveCfg = Release|Any CPU
		{0958834A-48E8-3DEC-E98F-283F5D54174C}.Release|Any CPU.Build.0 = Release|Any CPU
		{39B9D502-6E4A-B790-DB74-78DE7DC2CFBE}.Debug|Any CPU.ActiveCfg = Debug|Any CPU
		{39B9D502-6E4A-B790-DB74-78DE7DC2CFBE}.Debug|Any CPU.Build.0 = Debug|Any CPU
		{39B9D502-6E4A-B790-DB74-78DE7DC2CFBE}.Release|Any CPU.ActiveCfg = Release|Any CPU
		{39B9D502-6E4A-B790-DB74-78DE7DC2CFBE}.Release|Any CPU.Build.0 = Release|Any CPU
		{30A0D748-E489-24E5-165C-3D3D765704FE}.Debug|Any CPU.ActiveCfg = Debug|Any CPU
		{30A0D748-E489-24E5-165C-3D3D765704FE}.Debug|Any CPU.Build.0 = Debug|Any CPU
		{30A0D748-E489-24E5-165C-3D3D765704FE}.Release|Any CPU.ActiveCfg = Release|Any CPU
		{30A0D748-E489-24E5-165C-3D3D765704FE}.Release|Any CPU.Build.0 = Release|Any CPU
		{B9776C4C-DEB7-DC0D-F117-7A4675AC5519}.Debug|Any CPU.ActiveCfg = Debug|Any CPU
		{B9776C4C-DEB7-DC0D-F117-7A4675AC5519}.Debug|Any CPU.Build.0 = Debug|Any CPU
		{B9776C4C-DEB7-DC0D-F117-7A4675AC5519}.Release|Any CPU.ActiveCfg = Release|Any CPU
		{B9776C4C-DEB7-DC0D-F117-7A4675AC5519}.Release|Any CPU.Build.0 = Release|Any CPU
		{D3D6BD1C-41CB-E8F6-BC4A-923ECF9807D8}.Debug|Any CPU.ActiveCfg = Debug|Any CPU
		{D3D6BD1C-41CB-E8F6-BC4A-923ECF9807D8}.Debug|Any CPU.Build.0 = Debug|Any CPU
		{D3D6BD1C-41CB-E8F6-BC4A-923ECF9807D8}.Release|Any CPU.ActiveCfg = Release|Any CPU
		{D3D6BD1C-41CB-E8F6-BC4A-923ECF9807D8}.Release|Any CPU.Build.0 = Release|Any CPU
		{79486A35-F2E6-F875-DCD7-600A0D142F71}.Debug|Any CPU.ActiveCfg = Debug|Any CPU
		{79486A35-F2E6-F875-DCD7-600A0D142F71}.Debug|Any CPU.Build.0 = Debug|Any CPU
		{79486A35-F2E6-F875-DCD7-600A0D142F71}.Release|Any CPU.ActiveCfg = Release|Any CPU
		{79486A35-F2E6-F875-DCD7-600A0D142F71}.Release|Any CPU.Build.0 = Release|Any CPU
		{0D581653-A3F8-8FD7-CE3B-933B95BA9B02}.Debug|Any CPU.ActiveCfg = Debug|Any CPU
		{0D581653-A3F8-8FD7-CE3B-933B95BA9B02}.Debug|Any CPU.Build.0 = Debug|Any CPU
		{0D581653-A3F8-8FD7-CE3B-933B95BA9B02}.Release|Any CPU.ActiveCfg = Release|Any CPU
		{0D581653-A3F8-8FD7-CE3B-933B95BA9B02}.Release|Any CPU.Build.0 = Release|Any CPU
		{91A13B09-DE87-478B-D24A-35910920045C}.Debug|Any CPU.ActiveCfg = Debug|Any CPU
		{91A13B09-DE87-478B-D24A-35910920045C}.Debug|Any CPU.Build.0 = Debug|Any CPU
		{91A13B09-DE87-478B-D24A-35910920045C}.Release|Any CPU.ActiveCfg = Release|Any CPU
		{91A13B09-DE87-478B-D24A-35910920045C}.Release|Any CPU.Build.0 = Release|Any CPU
		{BE249708-B9D0-A463-F040-A15AB683EB27}.Debug|Any CPU.ActiveCfg = Debug|Any CPU
		{BE249708-B9D0-A463-F040-A15AB683EB27}.Debug|Any CPU.Build.0 = Debug|Any CPU
		{BE249708-B9D0-A463-F040-A15AB683EB27}.Release|Any CPU.ActiveCfg = Release|Any CPU
		{BE249708-B9D0-A463-F040-A15AB683EB27}.Release|Any CPU.Build.0 = Release|Any CPU
		{0C1B5F51-5A5C-4C5B-085C-DB19EAA75B47}.Debug|Any CPU.ActiveCfg = Debug|Any CPU
		{0C1B5F51-5A5C-4C5B-085C-DB19EAA75B47}.Debug|Any CPU.Build.0 = Debug|Any CPU
		{0C1B5F51-5A5C-4C5B-085C-DB19EAA75B47}.Release|Any CPU.ActiveCfg = Release|Any CPU
		{0C1B5F51-5A5C-4C5B-085C-DB19EAA75B47}.Release|Any CPU.Build.0 = Release|Any CPU
		{0CD989F0-3E24-08E8-E694-FE6109490745}.Debug|Any CPU.ActiveCfg = Debug|Any CPU
		{0CD989F0-3E24-08E8-E694-FE6109490745}.Debug|Any CPU.Build.0 = Debug|Any CPU
		{0CD989F0-3E24-08E8-E694-FE6109490745}.Release|Any CPU.ActiveCfg = Release|Any CPU
		{0CD989F0-3E24-08E8-E694-FE6109490745}.Release|Any CPU.Build.0 = Release|Any CPU
		{83FDBBF4-2C61-0CF3-851D-13741FB9C9EA}.Debug|Any CPU.ActiveCfg = Debug|Any CPU
		{83FDBBF4-2C61-0CF3-851D-13741FB9C9EA}.Debug|Any CPU.Build.0 = Debug|Any CPU
		{83FDBBF4-2C61-0CF3-851D-13741FB9C9EA}.Release|Any CPU.ActiveCfg = Release|Any CPU
		{83FDBBF4-2C61-0CF3-851D-13741FB9C9EA}.Release|Any CPU.Build.0 = Release|Any CPU
		{6900ED16-3D3C-71BF-E442-F54BDAA3D58A}.Debug|Any CPU.ActiveCfg = Debug|Any CPU
		{6900ED16-3D3C-71BF-E442-F54BDAA3D58A}.Debug|Any CPU.Build.0 = Debug|Any CPU
		{6900ED16-3D3C-71BF-E442-F54BDAA3D58A}.Release|Any CPU.ActiveCfg = Release|Any CPU
		{6900ED16-3D3C-71BF-E442-F54BDAA3D58A}.Release|Any CPU.Build.0 = Release|Any CPU
		{B3E06FAF-5386-11C9-C867-A432937C00F2}.Debug|Any CPU.ActiveCfg = Debug|Any CPU
		{B3E06FAF-5386-11C9-C867-A432937C00F2}.Debug|Any CPU.Build.0 = Debug|Any CPU
		{B3E06FAF-5386-11C9-C867-A432937C00F2}.Release|Any CPU.ActiveCfg = Release|Any CPU
		{B3E06FAF-5386-11C9-C867-A432937C00F2}.Release|Any CPU.Build.0 = Release|Any CPU
		{75A2D5F1-ED93-50D3-3CA8-C3A5FEF7ECF5}.Debug|Any CPU.ActiveCfg = Debug|Any CPU
		{75A2D5F1-ED93-50D3-3CA8-C3A5FEF7ECF5}.Debug|Any CPU.Build.0 = Debug|Any CPU
		{75A2D5F1-ED93-50D3-3CA8-C3A5FEF7ECF5}.Release|Any CPU.ActiveCfg = Release|Any CPU
		{75A2D5F1-ED93-50D3-3CA8-C3A5FEF7ECF5}.Release|Any CPU.Build.0 = Release|Any CPU
	EndGlobalSection
	GlobalSection(SolutionProperties) = preSolution
		HideSolutionNode = FALSE
	EndGlobalSection
EndGlobal
